// !$*UTF8*$!
{
	archiveVersion = 1;
	classes = {
	};
	objectVersion = 48;
	objects = {

/* Begin PBXBuildFile section */
		6E7DAB81208A5ADD00921401 /* AppDelegate.swift in Sources */ = {isa = PBXBuildFile; fileRef = 6E7DAB80208A5ADD00921401 /* AppDelegate.swift */; };
		6E7DAB83208A5ADD00921401 /* ViewController.swift in Sources */ = {isa = PBXBuildFile; fileRef = 6E7DAB82208A5ADD00921401 /* ViewController.swift */; };
		6E7DAB86208A5ADD00921401 /* Main.storyboard in Resources */ = {isa = PBXBuildFile; fileRef = 6E7DAB84208A5ADD00921401 /* Main.storyboard */; };
		6E7DAB89208A5ADD00921401 /* PieDistrictDemo.xcdatamodeld in Sources */ = {isa = PBXBuildFile; fileRef = 6E7DAB87208A5ADD00921401 /* PieDistrictDemo.xcdatamodeld */; };
		6E7DAB8B208A5ADD00921401 /* Assets.xcassets in Resources */ = {isa = PBXBuildFile; fileRef = 6E7DAB8A208A5ADD00921401 /* Assets.xcassets */; };
		6E7DAB8E208A5ADD00921401 /* LaunchScreen.storyboard in Resources */ = {isa = PBXBuildFile; fileRef = 6E7DAB8C208A5ADD00921401 /* LaunchScreen.storyboard */; };
/* End PBXBuildFile section */

/* Begin PBXFileReference section */
		6E7DAB7D208A5ADD00921401 /* PieDistrictDemo.app */ = {isa = PBXFileReference; explicitFileType = wrapper.application; includeInIndex = 0; path = PieDistrictDemo.app; sourceTree = BUILT_PRODUCTS_DIR; };
		6E7DAB80208A5ADD00921401 /* AppDelegate.swift */ = {isa = PBXFileReference; lastKnownFileType = sourcecode.swift; path = AppDelegate.swift; sourceTree = "<group>"; };
		6E7DAB82208A5ADD00921401 /* ViewController.swift */ = {isa = PBXFileReference; lastKnownFileType = sourcecode.swift; path = ViewController.swift; sourceTree = "<group>"; };
		6E7DAB85208A5ADD00921401 /* Base */ = {isa = PBXFileReference; lastKnownFileType = file.storyboard; name = Base; path = Base.lproj/Main.storyboard; sourceTree = "<group>"; };
		6E7DAB88208A5ADD00921401 /* PieDistrictDemo.xcdatamodel */ = {isa = PBXFileReference; lastKnownFileType = wrapper.xcdatamodel; path = PieDistrictDemo.xcdatamodel; sourceTree = "<group>"; };
		6E7DAB8A208A5ADD00921401 /* Assets.xcassets */ = {isa = PBXFileReference; lastKnownFileType = folder.assetcatalog; path = Assets.xcassets; sourceTree = "<group>"; };
		6E7DAB8D208A5ADD00921401 /* Base */ = {isa = PBXFileReference; lastKnownFileType = file.storyboard; name = Base; path = Base.lproj/LaunchScreen.storyboard; sourceTree = "<group>"; };
		6E7DAB8F208A5ADD00921401 /* Info.plist */ = {isa = PBXFileReference; lastKnownFileType = text.plist.xml; path = Info.plist; sourceTree = "<group>"; };
/* End PBXFileReference section */

/* Begin PBXFrameworksBuildPhase section */
		6E7DAB7A208A5ADD00921401 /* Frameworks */ = {
			isa = PBXFrameworksBuildPhase;
			buildActionMask = 2147483647;
			files = (
			);
			runOnlyForDeploymentPostprocessing = 0;
		};
/* End PBXFrameworksBuildPhase section */

/* Begin PBXGroup section */
		6E7DAB74208A5ADC00921401 = {
			isa = PBXGroup;
			children = (
				6E7DAB7F208A5ADD00921401 /* PieDistrictDemo */,
				6E7DAB7E208A5ADD00921401 /* Products */,
			);
			sourceTree = "<group>";
		};
		6E7DAB7E208A5ADD00921401 /* Products */ = {
			isa = PBXGroup;
			children = (
				6E7DAB7D208A5ADD00921401 /* PieDistrictDemo.app */,
			);
			name = Products;
			sourceTree = "<group>";
		};
		6E7DAB7F208A5ADD00921401 /* PieDistrictDemo */ = {
			isa = PBXGroup;
			children = (
				6E7DAB80208A5ADD00921401 /* AppDelegate.swift */,
				6E7DAB82208A5ADD00921401 /* ViewController.swift */,
				6E7DAB84208A5ADD00921401 /* Main.storyboard */,
				6E7DAB8A208A5ADD00921401 /* Assets.xcassets */,
				6E7DAB8C208A5ADD00921401 /* LaunchScreen.storyboard */,
				6E7DAB8F208A5ADD00921401 /* Info.plist */,
				6E7DAB87208A5ADD00921401 /* PieDistrictDemo.xcdatamodeld */,
			);
			path = PieDistrictDemo;
			sourceTree = "<group>";
		};
/* End PBXGroup section */

/* Begin PBXNativeTarget section */
		6E7DAB7C208A5ADD00921401 /* PieDistrictDemo */ = {
			isa = PBXNativeTarget;
			buildConfigurationList = 6E7DAB92208A5ADD00921401 /* Build configuration list for PBXNativeTarget "PieDistrictDemo" */;
			buildPhases = (
				6E7DAB79208A5ADD00921401 /* Sources */,
				6E7DAB7A208A5ADD00921401 /* Frameworks */,
				6E7DAB7B208A5ADD00921401 /* Resources */,
			);
			buildRules = (
			);
			dependencies = (
			);
			name = PieDistrictDemo;
			productName = PieDistrictDemo;
			productReference = 6E7DAB7D208A5ADD00921401 /* PieDistrictDemo.app */;
			productType = "com.apple.product-type.application";
		};
/* End PBXNativeTarget section */

/* Begin PBXProject section */
		6E7DAB75208A5ADC00921401 /* Project object */ = {
			isa = PBXProject;
			attributes = {
				LastSwiftUpdateCheck = 0920;
				LastUpgradeCheck = 0920;
				ORGANIZATIONNAME = Anoop;
				TargetAttributes = {
					6E7DAB7C208A5ADD00921401 = {
						CreatedOnToolsVersion = 9.2;
						ProvisioningStyle = Automatic;
					};
				};
			};
			buildConfigurationList = 6E7DAB78208A5ADC00921401 /* Build configuration list for PBXProject "PieDistrictDemo" */;
			compatibilityVersion = "Xcode 8.0";
			developmentRegion = en;
			hasScannedForEncodings = 0;
			knownRegions = (
				en,
				Base,
			);
			mainGroup = 6E7DAB74208A5ADC00921401;
			productRefGroup = 6E7DAB7E208A5ADD00921401 /* Products */;
			projectDirPath = "";
			projectRoot = "";
			targets = (
				6E7DAB7C208A5ADD00921401 /* PieDistrictDemo */,
			);
		};
/* End PBXProject section */

/* Begin PBXResourcesBuildPhase section */
		6E7DAB7B208A5ADD00921401 /* Resources */ = {
			isa = PBXResourcesBuildPhase;
			buildActionMask = 2147483647;
			files = (
				6E7DAB8E208A5ADD00921401 /* LaunchScreen.storyboard in Resources */,
				6E7DAB8B208A5ADD00921401 /* Assets.xcassets in Resources */,
				6E7DAB86208A5ADD00921401 /* Main.storyboard in Resources */,
			);
			runOnlyForDeploymentPostprocessing = 0;
		};
/* End PBXResourcesBuildPhase section */

/* Begin PBXSourcesBuildPhase section */
		6E7DAB79208A5ADD00921401 /* Sources */ = {
			isa = PBXSourcesBuildPhase;
			buildActionMask = 2147483647;
			files = (
				6E7DAB83208A5ADD00921401 /* ViewController.swift in Sources */,
				6E7DAB81208A5ADD00921401 /* AppDelegate.swift in Sources */,
				6E7DAB89208A5ADD00921401 /* PieDistrictDemo.xcdatamodeld in Sources */,
			);
			runOnlyForDeploymentPostprocessing = 0;
		};
/* End PBXSourcesBuildPhase section */

/* Begin PBXVariantGroup section */
		6E7DAB84208A5ADD00921401 /* Main.storyboard */ = {
			isa = PBXVariantGroup;
			children = (
				6E7DAB85208A5ADD00921401 /* Base */,
			);
			name = Main.storyboard;
			sourceTree = "<group>";
		};
		6E7DAB8C208A5ADD00921401 /* LaunchScreen.storyboard */ = {
			isa = PBXVariantGroup;
			children = (
				6E7DAB8D208A5ADD00921401 /* Base */,
			);
			name = LaunchScreen.storyboard;
			sourceTree = "<group>";
		};
/* End PBXVariantGroup section */

/* Begin XCBuildConfiguration section */
		6E7DAB90208A5ADD00921401 /* Debug */ = {
			isa = XCBuildConfiguration;
			buildSettings = {
				ALWAYS_SEARCH_USER_PATHS = NO;
				CLANG_ANALYZER_NONNULL = YES;
				CLANG_ANALYZER_NUMBER_OBJECT_CONVERSION = YES_AGGRESSIVE;
				CLANG_CXX_LANGUAGE_STANDARD = "gnu++14";
				CLANG_CXX_LIBRARY = "libc++";
				CLANG_ENABLE_MODULES = YES;
				CLANG_ENABLE_OBJC_ARC = YES;
				CLANG_WARN_BLOCK_CAPTURE_AUTORELEASING = YES;
				CLANG_WARN_BOOL_CONVERSION = YES;
				CLANG_WARN_COMMA = YES;
				CLANG_WARN_CONSTANT_CONVERSION = YES;
				CLANG_WARN_DIRECT_OBJC_ISA_USAGE = YES_ERROR;
				CLANG_WARN_DOCUMENTATION_COMMENTS = YES;
				CLANG_WARN_EMPTY_BODY = YES;
				CLANG_WARN_ENUM_CONVERSION = YES;
				CLANG_WARN_INFINITE_RECURSION = YES;
				CLANG_WARN_INT_CONVERSION = YES;
				CLANG_WARN_NON_LITERAL_NULL_CONVERSION = YES;
				CLANG_WARN_OBJC_LITERAL_CONVERSION = YES;
				CLANG_WARN_OBJC_ROOT_CLASS = YES_ERROR;
				CLANG_WARN_RANGE_LOOP_ANALYSIS = YES;
				CLANG_WARN_STRICT_PROTOTYPES = YES;
				CLANG_WARN_SUSPICIOUS_MOVE = YES;
				CLANG_WARN_UNGUARDED_AVAILABILITY = YES_AGGRESSIVE;
				CLANG_WARN_UNREACHABLE_CODE = YES;
				CLANG_WARN__DUPLICATE_METHOD_MATCH = YES;
				CODE_SIGN_IDENTITY = "iPhone Developer";
				COPY_PHASE_STRIP = NO;
				DEBUG_INFORMATION_FORMAT = dwarf;
				ENABLE_STRICT_OBJC_MSGSEND = YES;
				ENABLE_TESTABILITY = YES;
				GCC_C_LANGUAGE_STANDARD = gnu11;
				GCC_DYNAMIC_NO_PIC = NO;
				GCC_NO_COMMON_BLOCKS = YES;
				GCC_OPTIMIZATION_LEVEL = 0;
				GCC_PREPROCESSOR_DEFINITIONS = (
					"DEBUG=1",
					"$(inherited)",
				);
				GCC_WARN_64_TO_32_BIT_CONVERSION = YES;
				GCC_WARN_ABOUT_RETURN_TYPE = YES_ERROR;
				GCC_WARN_UNDECLARED_SELECTOR = YES;
				GCC_WARN_UNINITIALIZED_AUTOS = YES_AGGRESSIVE;
				GCC_WARN_UNUSED_FUNCTION = YES;
				GCC_WARN_UNUSED_VARIABLE = YES;
				IPHONEOS_DEPLOYMENT_TARGET = 11.2;
				MTL_ENABLE_DEBUG_INFO = YES;
				ONLY_ACTIVE_ARCH = YES;
				SDKROOT = iphoneos;
				SWIFT_ACTIVE_COMPILATION_CONDITIONS = DEBUG;
				SWIFT_OPTIMIZATION_LEVEL = "-Onone";
			};
			name = Debug;
		};
		6E7DAB91208A5ADD00921401 /* Release */ = {
			isa = XCBuildConfiguration;
			buildSettings = {
				ALWAYS_SEARCH_USER_PATHS = NO;
				CLANG_ANALYZER_NONNULL = YES;
				CLANG_ANALYZER_NUMBER_OBJECT_CONVERSION = YES_AGGRESSIVE;
				CLANG_CXX_LANGUAGE_STANDARD = "gnu++14";
				CLANG_CXX_LIBRARY = "libc++";
				CLANG_ENABLE_MODULES = YES;
				CLANG_ENABLE_OBJC_ARC = YES;
				CLANG_WARN_BLOCK_CAPTURE_AUTORELEASING = YES;
				CLANG_WARN_BOOL_CONVERSION = YES;
				CLANG_WARN_COMMA = YES;
				CLANG_WARN_CONSTANT_CONVERSION = YES;
				CLANG_WARN_DIRECT_OBJC_ISA_USAGE = YES_ERROR;
				CLANG_WARN_DOCUMENTATION_COMMENTS = YES;
				CLANG_WARN_EMPTY_BODY = YES;
				CLANG_WARN_ENUM_CONVERSION = YES;
				CLANG_WARN_INFINITE_RECURSION = YES;
				CLANG_WARN_INT_CONVERSION = YES;
				CLANG_WARN_NON_LITERAL_NULL_CONVERSION = YES;
				CLANG_WARN_OBJC_LITERAL_CONVERSION = YES;
				CLANG_WARN_OBJC_ROOT_CLASS = YES_ERROR;
				CLANG_WARN_RANGE_LOOP_ANALYSIS = YES;
				CLANG_WARN_STRICT_PROTOTYPES = YES;
				CLANG_WARN_SUSPICIOUS_MOVE = YES;
				CLANG_WARN_UNGUARDED_AVAILABILITY = YES_AGGRESSIVE;
				CLANG_WARN_UNREACHABLE_CODE = YES;
				CLANG_WARN__DUPLICATE_METHOD_MATCH = YES;
				CODE_SIGN_IDENTITY = "iPhone Developer";
				COPY_PHASE_STRIP = NO;
				DEBUG_INFORMATION_FORMAT = "dwarf-with-dsym";
				ENABLE_NS_ASSERTIONS = NO;
				ENABLE_STRICT_OBJC_MSGSEND = YES;
				GCC_C_LANGUAGE_STANDARD = gnu11;
				GCC_NO_COMMON_BLOCKS = YES;
				GCC_WARN_64_TO_32_BIT_CONVERSION = YES;
				GCC_WARN_ABOUT_RETURN_TYPE = YES_ERROR;
				GCC_WARN_UNDECLARED_SELECTOR = YES;
				GCC_WARN_UNINITIALIZED_AUTOS = YES_AGGRESSIVE;
				GCC_WARN_UNUSED_FUNCTION = YES;
				GCC_WARN_UNUSED_VARIABLE = YES;
				IPHONEOS_DEPLOYMENT_TARGET = 11.2;
				MTL_ENABLE_DEBUG_INFO = NO;
				SDKROOT = iphoneos;
				SWIFT_OPTIMIZATION_LEVEL = "-Owholemodule";
				VALIDATE_PRODUCT = YES;
			};
			name = Release;
		};
		6E7DAB93208A5ADD00921401 /* Debug */ = {
			isa = XCBuildConfiguration;
			buildSettings = {
				ASSETCATALOG_COMPILER_APPICON_NAME = AppIcon;
				CODE_SIGN_STYLE = Automatic;
				DEVELOPMENT_TEAM = L665RRN8MH;
				INFOPLIST_FILE = PieDistrictDemo/Info.plist;
				LD_RUNPATH_SEARCH_PATHS = "$(inherited) @executable_path/Frameworks";
				PRODUCT_BUNDLE_IDENTIFIER = MEEM.PieDistrictDemo;
				PRODUCT_NAME = "$(TARGET_NAME)";
				SWIFT_VERSION = 4.0;
				TARGETED_DEVICE_FAMILY = "1,2";
			};
			name = Debug;
		};
		6E7DAB94208A5ADD00921401 /* Release */ = {
			isa = XCBuildConfiguration;
			buildSettings = {
				ASSETCATALOG_COMPILER_APPICON_NAME = AppIcon;
				CODE_SIGN_STYLE = Automatic;
				DEVELOPMENT_TEAM = L665RRN8MH;
				INFOPLIST_FILE = PieDistrictDemo/Info.plist;
				LD_RUNPATH_SEARCH_PATHS = "$(inherited) @executable_path/Frameworks";
				PRODUCT_BUNDLE_IDENTIFIER = MEEM.PieDistrictDemo;
				PRODUCT_NAME = "$(TARGET_NAME)";
				SWIFT_VERSION = 4.0;
				TARGETED_DEVICE_FAMILY = "1,2";
			};
			name = Release;
		};
/* End XCBuildConfiguration section */

/* Begin XCConfigurationList section */
		6E7DAB78208A5ADC00921401 /* Build configuration list for PBXProject "PieDistrictDemo" */ = {
			isa = XCConfigurationList;
			buildConfigurations = (
				6E7DAB90208A5ADD00921401 /* Debug */,
				6E7DAB91208A5ADD00921401 /* Release */,
			);
			defaultConfigurationIsVisible = 0;
			defaultConfigurationName = Release;
		};
		6E7DAB92208A5ADD00921401 /* Build configuration list for PBXNativeTarget "PieDistrictDemo" */ = {
			isa = XCConfigurationList;
			buildConfigurations = (
				6E7DAB93208A5ADD00921401 /* Debug */,
				6E7DAB94208A5ADD00921401 /* Release */,
			);
			defaultConfigurationIsVisible = 0;
			defaultConfigurationName = Release;
		};
/* End XCConfigurationList section */

/* Begin XCVersionGroup section */
		6E7DAB87208A5ADD00921401 /* PieDistrictDemo.xcdatamodeld */ = {
			isa = XCVersionGroup;
			children = (
				6E7DAB88208A5ADD00921401 /* PieDistrictDemo.xcdatamodel */,
			);
			currentVersion = 6E7DAB88208A5ADD00921401 /* PieDistrictDemo.xcdatamodel */;
			path = PieDistrictDemo.xcdatamodeld;
			sourceTree = "<group>";
			versionGroupType = wrapper.xcdatamodel;
		};
/* End XCVersionGroup section */
	};
	rootObject = 6E7DAB75208A5ADC00921401 /* Project object */;
}
